
Microsoft Visual Studio Solution File, Format Version 12.00
# Visual Studio Version 17
VisualStudioVersion = 17.1.32414.318
MinimumVisualStudioVersion = 10.0.40219.1
Project("{9A19103F-16F7-4668-BE54-9A1E7A4F7556}") = "UserAccountManagement", "UserAccountManagement.csproj", "{487AF3AB-CA9B-47E0-800E-7B8CFE47424A}"
EndProject
Project("{9A19103F-16F7-4668-BE54-9A1E7A4F7556}") = "UserAccountManagement.Shared", "UserAccountManagement.Shared\UserAccountManagement.Shared.csproj", "{C9DB016F-C151-44AB-9BCC-507FE496D57B}"
EndProject
Project("{9A19103F-16F7-4668-BE54-9A1E7A4F7556}") = "UserAccountManagement.Tests", "UserAccountManagement.Tests\UserAccountManagement.Tests.csproj", "{6F7195E8-017E-40EB-8A55-CE5BCE4261F9}"
EndProject
Project("{9A19103F-16F7-4668-BE54-9A1E7A4F7556}") = "UserAccountManagement.Transactions", "UserAccountManagement.Transactions\UserAccountManagement.Transactions.csproj", "{06EB0698-BA85-4B75-8C3F-1B44EA752F8C}"
EndProject
Project("{9A19103F-16F7-4668-BE54-9A1E7A4F7556}") = "UserAccountManagement.Users", "UserAccountManagement.Users\UserAccountManagement.Users.csproj", "{06414B50-61AF-4AA7-BF5B-01643BED7BCF}"
EndProject
Global
	GlobalSection(SolutionConfigurationPlatforms) = preSolution
		Debug|Any CPU = Debug|Any CPU
		Release|Any CPU = Release|Any CPU
	EndGlobalSection
	GlobalSection(ProjectConfigurationPlatforms) = postSolution
		{487AF3AB-CA9B-47E0-800E-7B8CFE47424A}.Debug|Any CPU.ActiveCfg = Debug|Any CPU
		{487AF3AB-CA9B-47E0-800E-7B8CFE47424A}.Debug|Any CPU.Build.0 = Debug|Any CPU
		{487AF3AB-CA9B-47E0-800E-7B8CFE47424A}.Release|Any CPU.ActiveCfg = Release|Any CPU
		{487AF3AB-CA9B-47E0-800E-7B8CFE47424A}.Release|Any CPU.Build.0 = Release|Any CPU
		{C9DB016F-C151-44AB-9BCC-507FE496D57B}.Debug|Any CPU.ActiveCfg = Debug|Any CPU
		{C9DB016F-C151-44AB-9BCC-507FE496D57B}.Debug|Any CPU.Build.0 = Debug|Any CPU
		{C9DB016F-C151-44AB-9BCC-507FE496D57B}.Release|Any CPU.ActiveCfg = Release|Any CPU
		{C9DB016F-C151-44AB-9BCC-507FE496D57B}.Release|Any CPU.Build.0 = Release|Any CPU
		{6F7195E8-017E-40EB-8A55-CE5BCE4261F9}.Debug|Any CPU.ActiveCfg = Debug|Any CPU
		{6F7195E8-017E-40EB-8A55-CE5BCE4261F9}.Debug|Any CPU.Build.0 = Debug|Any CPU
		{6F7195E8-017E-40EB-8A55-CE5BCE4261F9}.Release|Any CPU.ActiveCfg = Release|Any CPU
		{6F7195E8-017E-40EB-8A55-CE5BCE4261F9}.Release|Any CPU.Build.0 = Release|Any CPU
		{06EB0698-BA85-4B75-8C3F-1B44EA752F8C}.Debug|Any CPU.ActiveCfg = Debug|Any CPU
		{06EB0698-BA85-4B75-8C3F-1B44EA752F8C}.Debug|Any CPU.Build.0 = Debug|Any CPU
		{06EB0698-BA85-4B75-8C3F-1B44EA752F8C}.Release|Any CPU.ActiveCfg = Release|Any CPU
		{06EB0698-BA85-4B75-8C3F-1B44EA752F8C}.Release|Any CPU.Build.0 = Release|Any CPU
		{06414B50-61AF-4AA7-BF5B-01643BED7BCF}.Debug|Any CPU.ActiveCfg = Debug|Any CPU
		{06414B50-61AF-4AA7-BF5B-01643BED7BCF}.Debug|Any CPU.Build.0 = Debug|Any CPU
		{06414B50-61AF-4AA7-BF5B-01643BED7BCF}.Release|Any CPU.ActiveCfg = Release|Any CPU
		{06414B50-61AF-4AA7-BF5B-01643BED7BCF}.Release|Any CPU.Build.0 = Release|Any CPU
	EndGlobalSection
	GlobalSection(SolutionProperties) = preSolution
		HideSolutionNode = FALSE
	EndGlobalSection
	GlobalSection(ExtensibilityGlobals) = postSolution
		SolutionGuid = {9E49BA85-3CE1-4AE5-937B-AAC0BF31A2DF}
	EndGlobalSection
EndGlobal
